{
  "requires": true,
  "lockfileVersion": 1,
  "dependencies": {
    "kotlin-playground": {
      "version": "1.21.2",
      "resolved": "https://registry.npmjs.org/kotlin-playground/-/kotlin-playground-1.21.2.tgz",
      "integrity": "sha512-5ZscIYBLrDOvfOm/CcNotv4lJFmg0LnzPWbHIOHE6tkrVHYbxyIl5Ih3SbxMryFwXTV2w/9rbgrIGGljl4Si1w=="
    }
  }
}
